{
  "object": {
    "pins": [
      {
        "package": "WarrenEngine",
        "repositoryURL": "https://github.com/JarWarren/WarrenEngine",
        "state": {
          "branch": "tiled",
          "revision": "525372126d18de5d84531c8ff8d0ffc636541f16",
          "version": null
        }
      }
    ]
  },
  "version": 1
}
