{
  "object": {
    "pins": [
      {
        "package": "WarrenEngine",
        "repositoryURL": "https://github.com/JarWarren/WarrenEngine",
        "state": {
          "branch": "tiled",
          "revision": "6580c5d5fe4857579a6b560328432c4913949372",
          "version": null
        }
      }
    ]
  },
  "version": 1
}
